
Microsoft Visual Studio Solution File, Format Version 12.00
# Visual Studio Version 17
VisualStudioVersion = 17.4.33205.214
MinimumVisualStudioVersion = 10.0.40219.1
Project("{2150E333-8FDC-42A3-9474-1A3956D46DE8}") = "Tests", "Tests", "{9CE146B1-FBBE-48DA-9A15-F78E7B36BF11}"
EndProject
Project("{9A19103F-16F7-4668-BE54-9A1E7A4F7556}") = "Autocomp.Nmea.Parsers.Tests", "Autocomp.Nmea.PrismApp\Tests\Autocomp.Nmea.PrismApp.Modules.ModuleName.Tests\Autocomp.Nmea.Parsers.Tests.csproj", "{F00EC9C5-FB9A-446D-80A5-765C61D3DD92}"
EndProject
Project("{2150E333-8FDC-42A3-9474-1A3956D46DE8}") = "Modules", "Modules", "{18AFFA0B-A5E9-4792-94D6-4AEB390B85AA}"
EndProject
Project("{9A19103F-16F7-4668-BE54-9A1E7A4F7556}") = "Autocomp.Nmea.PrismApp.Modules.ParserModule", "Autocomp.Nmea.PrismApp\Modules\Autocomp.Nmea.PrismApp.Modules.ModuleName\Autocomp.Nmea.PrismApp.Modules.ParserModule.csproj", "{B5EB0693-B58C-4229-987F-DF75B79B0486}"
EndProject
Project("{FAE04EC0-301F-11D3-BF4B-00C04F79EFBC}") = "Autocomp.Nmea.Common", "Autocomp.Nmea.Common\Autocomp.Nmea.Common.csproj", "{9DE3D7D7-B5D4-43C2-8C1B-D92B2BC5C46C}"
EndProject
Project("{9A19103F-16F7-4668-BE54-9A1E7A4F7556}") = "Autocomp.Nmea.PrismApp", "Autocomp.Nmea.PrismApp\Autocomp.Nmea.PrismApp\Autocomp.Nmea.PrismApp.csproj", "{B79C31AF-5B6D-4BBC-8443-4F3D3DC35A66}"
EndProject
Project("{9A19103F-16F7-4668-BE54-9A1E7A4F7556}") = "Autocomp.Nmea.PrismApp.Core", "Autocomp.Nmea.PrismApp\Autocomp.Nmea.PrismApp.Core\Autocomp.Nmea.PrismApp.Core.csproj", "{70C3999A-E9BB-428A-A393-E09EF0F5B24F}"
EndProject
Project("{FAE04EC0-301F-11D3-BF4B-00C04F79EFBC}") = "Autocomp.Nmea.Parsers", "Autocomp.Nmea.Parsers\Autocomp.Nmea.Parsers.csproj", "{38AB32DA-74BB-4232-AD4C-FB82E965F2FC}"
EndProject
Project("{FAE04EC0-301F-11D3-BF4B-00C04F79EFBC}") = "Autocomp.Nmea.Models", "Autocomp.Nmea.Models\Autocomp.Nmea.Models.csproj", "{36DA9BAF-5816-4F90-9888-C14C3A5058DC}"
EndProject
Global
	GlobalSection(SolutionConfigurationPlatforms) = preSolution
		Debug|Any CPU = Debug|Any CPU
		Release|Any CPU = Release|Any CPU
	EndGlobalSection
	GlobalSection(ProjectConfigurationPlatforms) = postSolution
		{F00EC9C5-FB9A-446D-80A5-765C61D3DD92}.Debug|Any CPU.ActiveCfg = Debug|Any CPU
		{F00EC9C5-FB9A-446D-80A5-765C61D3DD92}.Debug|Any CPU.Build.0 = Debug|Any CPU
		{F00EC9C5-FB9A-446D-80A5-765C61D3DD92}.Release|Any CPU.ActiveCfg = Release|Any CPU
		{F00EC9C5-FB9A-446D-80A5-765C61D3DD92}.Release|Any CPU.Build.0 = Release|Any CPU
		{B5EB0693-B58C-4229-987F-DF75B79B0486}.Debug|Any CPU.ActiveCfg = Debug|Any CPU
		{B5EB0693-B58C-4229-987F-DF75B79B0486}.Debug|Any CPU.Build.0 = Debug|Any CPU
		{B5EB0693-B58C-4229-987F-DF75B79B0486}.Release|Any CPU.ActiveCfg = Release|Any CPU
		{B5EB0693-B58C-4229-987F-DF75B79B0486}.Release|Any CPU.Build.0 = Release|Any CPU
		{9DE3D7D7-B5D4-43C2-8C1B-D92B2BC5C46C}.Debug|Any CPU.ActiveCfg = Debug|Any CPU
		{9DE3D7D7-B5D4-43C2-8C1B-D92B2BC5C46C}.Debug|Any CPU.Build.0 = Debug|Any CPU
		{9DE3D7D7-B5D4-43C2-8C1B-D92B2BC5C46C}.Release|Any CPU.ActiveCfg = Release|Any CPU
		{9DE3D7D7-B5D4-43C2-8C1B-D92B2BC5C46C}.Release|Any CPU.Build.0 = Release|Any CPU
		{B79C31AF-5B6D-4BBC-8443-4F3D3DC35A66}.Debug|Any CPU.ActiveCfg = Debug|Any CPU
		{B79C31AF-5B6D-4BBC-8443-4F3D3DC35A66}.Debug|Any CPU.Build.0 = Debug|Any CPU
		{B79C31AF-5B6D-4BBC-8443-4F3D3DC35A66}.Release|Any CPU.ActiveCfg = Release|Any CPU
		{B79C31AF-5B6D-4BBC-8443-4F3D3DC35A66}.Release|Any CPU.Build.0 = Release|Any CPU
		{70C3999A-E9BB-428A-A393-E09EF0F5B24F}.Debug|Any CPU.ActiveCfg = Debug|Any CPU
		{70C3999A-E9BB-428A-A393-E09EF0F5B24F}.Debug|Any CPU.Build.0 = Debug|Any CPU
		{70C3999A-E9BB-428A-A393-E09EF0F5B24F}.Release|Any CPU.ActiveCfg = Release|Any CPU
		{70C3999A-E9BB-428A-A393-E09EF0F5B24F}.Release|Any CPU.Build.0 = Release|Any CPU
		{38AB32DA-74BB-4232-AD4C-FB82E965F2FC}.Debug|Any CPU.ActiveCfg = Debug|Any CPU
		{38AB32DA-74BB-4232-AD4C-FB82E965F2FC}.Debug|Any CPU.Build.0 = Debug|Any CPU
		{38AB32DA-74BB-4232-AD4C-FB82E965F2FC}.Release|Any CPU.ActiveCfg = Release|Any CPU
		{38AB32DA-74BB-4232-AD4C-FB82E965F2FC}.Release|Any CPU.Build.0 = Release|Any CPU
		{36DA9BAF-5816-4F90-9888-C14C3A5058DC}.Debug|Any CPU.ActiveCfg = Debug|Any CPU
		{36DA9BAF-5816-4F90-9888-C14C3A5058DC}.Debug|Any CPU.Build.0 = Debug|Any CPU
		{36DA9BAF-5816-4F90-9888-C14C3A5058DC}.Release|Any CPU.ActiveCfg = Release|Any CPU
		{36DA9BAF-5816-4F90-9888-C14C3A5058DC}.Release|Any CPU.Build.0 = Release|Any CPU
	EndGlobalSection
	GlobalSection(SolutionProperties) = preSolution
		HideSolutionNode = FALSE
	EndGlobalSection
	GlobalSection(NestedProjects) = preSolution
		{F00EC9C5-FB9A-446D-80A5-765C61D3DD92} = {9CE146B1-FBBE-48DA-9A15-F78E7B36BF11}
		{B5EB0693-B58C-4229-987F-DF75B79B0486} = {18AFFA0B-A5E9-4792-94D6-4AEB390B85AA}
	EndGlobalSection
	GlobalSection(ExtensibilityGlobals) = postSolution
		SolutionGuid = {40AA38DB-2DB5-4D72-9C9B-A60973AD4EF5}
	EndGlobalSection
EndGlobal
